
Microsoft Visual Studio Solution File, Format Version 12.00
# Visual Studio Version 17
VisualStudioVersion = 17.10.34916.146
MinimumVisualStudioVersion = 10.0.40219.1
Project("{9A19103F-16F7-4668-BE54-9A1E7A4F7556}") = "SMSService", "SMSService.csproj", "{2950B062-F93E-4B48-9427-A07122ADD8F6}"
EndProject
Project("{FAE04EC0-301F-11D3-BF4B-00C04F79EFBC}") = "SMSClient", "..\SMSClient\SMSClient.csproj", "{E6FBF2D4-BD0F-4060-96C4-85C9556A7D2E}"
EndProject
Global
	GlobalSection(SolutionConfigurationPlatforms) = preSolution
		Debug|Any CPU = Debug|Any CPU
		Release|Any CPU = Release|Any CPU
	EndGlobalSection
	GlobalSection(ProjectConfigurationPlatforms) = postSolution
		{2950B062-F93E-4B48-9427-A07122ADD8F6}.Debug|Any CPU.ActiveCfg = Debug|Any CPU
		{2950B062-F93E-4B48-9427-A07122ADD8F6}.Debug|Any CPU.Build.0 = Debug|Any CPU
		{2950B062-F93E-4B48-9427-A07122ADD8F6}.Release|Any CPU.ActiveCfg = Release|Any CPU
		{2950B062-F93E-4B48-9427-A07122ADD8F6}.Release|Any CPU.Build.0 = Release|Any CPU
		{E6FBF2D4-BD0F-4060-96C4-85C9556A7D2E}.Debug|Any CPU.ActiveCfg = Debug|Any CPU
		{E6FBF2D4-BD0F-4060-96C4-85C9556A7D2E}.Debug|Any CPU.Build.0 = Debug|Any CPU
		{E6FBF2D4-BD0F-4060-96C4-85C9556A7D2E}.Release|Any CPU.ActiveCfg = Release|Any CPU
		{E6FBF2D4-BD0F-4060-96C4-85C9556A7D2E}.Release|Any CPU.Build.0 = Release|Any CPU
	EndGlobalSection
	GlobalSection(SolutionProperties) = preSolution
		HideSolutionNode = FALSE
	EndGlobalSection
	GlobalSection(ExtensibilityGlobals) = postSolution
		SolutionGuid = {5B2344BD-B9EE-460A-894F-0509CB384F85}
	EndGlobalSection
EndGlobal
